
Microsoft Visual Studio Solution File, Format Version 12.00
# Visual Studio Version 17
VisualStudioVersion = 17.9.34310.174
MinimumVisualStudioVersion = 10.0.40219.1
Project("{9A19103F-16F7-4668-BE54-9A1E7A4F7556}") = "XafPrincialSecurityFilterReports.Module", "XafPrincialSecurityFilterReports.Module\XafPrincialSecurityFilterReports.Module.csproj", "{23BD6203-93BE-4114-8325-AEE62AB5BE06}"
EndProject
Project("{9A19103F-16F7-4668-BE54-9A1E7A4F7556}") = "XafPrincialSecurityFilterReports.Blazor.Server", "XafPrincialSecurityFilterReports.Blazor.Server\XafPrincialSecurityFilterReports.Blazor.Server.csproj", "{F379713C-FAC8-4169-9C80-B3E8C852EC25}"
EndProject
Global
	GlobalSection(SolutionConfigurationPlatforms) = preSolution
		Debug|Any CPU = Debug|Any CPU
		EasyTest|Any CPU = EasyTest|Any CPU
		Release|Any CPU = Release|Any CPU
	EndGlobalSection
	GlobalSection(ProjectConfigurationPlatforms) = postSolution
		{23BD6203-93BE-4114-8325-AEE62AB5BE06}.Debug|Any CPU.ActiveCfg = Debug|Any CPU
		{23BD6203-93BE-4114-8325-AEE62AB5BE06}.Debug|Any CPU.Build.0 = Debug|Any CPU
		{23BD6203-93BE-4114-8325-AEE62AB5BE06}.EasyTest|Any CPU.ActiveCfg = EasyTest|Any CPU
		{23BD6203-93BE-4114-8325-AEE62AB5BE06}.EasyTest|Any CPU.Build.0 = EasyTest|Any CPU
		{23BD6203-93BE-4114-8325-AEE62AB5BE06}.Release|Any CPU.ActiveCfg = Release|Any CPU
		{23BD6203-93BE-4114-8325-AEE62AB5BE06}.Release|Any CPU.Build.0 = Release|Any CPU
		{F379713C-FAC8-4169-9C80-B3E8C852EC25}.Debug|Any CPU.ActiveCfg = Debug|Any CPU
		{F379713C-FAC8-4169-9C80-B3E8C852EC25}.Debug|Any CPU.Build.0 = Debug|Any CPU
		{F379713C-FAC8-4169-9C80-B3E8C852EC25}.EasyTest|Any CPU.ActiveCfg = EasyTest|Any CPU
		{F379713C-FAC8-4169-9C80-B3E8C852EC25}.EasyTest|Any CPU.Build.0 = EasyTest|Any CPU
		{F379713C-FAC8-4169-9C80-B3E8C852EC25}.Release|Any CPU.ActiveCfg = Release|Any CPU
		{F379713C-FAC8-4169-9C80-B3E8C852EC25}.Release|Any CPU.Build.0 = Release|Any CPU
	EndGlobalSection
	GlobalSection(SolutionProperties) = preSolution
		HideSolutionNode = FALSE
	EndGlobalSection
EndGlobal
